{
    "_meta": {
        "hash": {
            "sha256": "b0ff7e35c617be9ff6dd8d49770ddd3d4f917f59e2e462c1e3cf97d8a119f563"
        },
        "pipfile-spec": 6,
        "requires": {
            "python_version": "3.10"
        },
        "sources": [
            {
                "name": "pypi",
                "url": "https://pypi.org/simple",
                "verify_ssl": true
            }
        ]
    },
    "default": {
        "amqp": {
            "hashes": [
                "sha256:827cb12fb0baa892aad844fd95258143bce4027fdac4fccddbc43330fd281637",
                "sha256:a1ecff425ad063ad42a486c902807d1482311481c8ad95a72694b2975e75f7fd"
            ],
            "markers": "python_version >= '3.6'",
            "version": "==5.2.0"
        },
        "billiard": {
            "hashes": [
                "sha256:07aa978b308f334ff8282bd4a746e681b3513db5c9a514cbdd810cbbdc19714d",
                "sha256:9a3c3184cb275aa17a732f93f65b20c525d3d9f253722d26a82194803ade5a2c"
            ],
            "markers": "python_version >= '3.7'",
            "version": "==4.2.0"
        },
        "celery": {
            "hashes": [
                "sha256:870cc71d737c0200c397290d730344cc991d13a057534353d124c9380267aab9",
                "sha256:9da4ea0118d232ce97dff5ed4974587fb1c0ff5c10042eb15278487cdd27d1af"
            ],
            "index": "pypi",
            "markers": "python_version >= '3.8'",
            "version": "==5.3.6"
        },
        "click": {
            "hashes": [
                "sha256:ae74fb96c20a0277a1d615f1e4d73c8414f5a98db8b799a7931d1582f3390c28",
                "sha256:ca9853ad459e787e2192211578cc907e7594e294c7ccc834310722b41b9ca6de"
            ],
            "markers": "python_version >= '3.7'",
            "version": "==8.1.7"
        },
        "click-didyoumean": {
            "hashes": [
                "sha256:a0713dc7a1de3f06bc0df5a9567ad19ead2d3d5689b434768a6145bff77c0667",
                "sha256:f184f0d851d96b6d29297354ed981b7dd71df7ff500d82fa6d11f0856bee8035"
            ],
            "markers": "python_full_version >= '3.6.2' and python_full_version < '4.0.0'",
            "version": "==0.3.0"
        },
        "click-plugins": {
            "hashes": [
                "sha256:46ab999744a9d831159c3411bb0c79346d94a444df9a3a3742e9ed63645f264b",
                "sha256:5d262006d3222f5057fd81e1623d4443e41dcda5dc815c06b442aa3c02889fc8"
            ],
            "version": "==1.1.1"
        },
        "click-repl": {
            "hashes": [
                "sha256:17849c23dba3d667247dc4defe1757fff98694e90fe37474f3feebb69ced26a9",
                "sha256:fb7e06deb8da8de86180a33a9da97ac316751c094c6899382da7feeeeb51b812"
            ],
            "markers": "python_version >= '3.6'",
            "version": "==0.3.0"
        },
        "kombu": {
            "hashes": [
                "sha256:0eac1bbb464afe6fb0924b21bf79460416d25d8abc52546d4f16cad94f789488",
                "sha256:30e470f1a6b49c70dc6f6d13c3e4cc4e178aa6c469ceb6bcd55645385fc84b93"
            ],
            "markers": "python_version >= '3.8'",
            "version": "==5.3.5"
        },
        "prompt-toolkit": {
            "hashes": [
                "sha256:3527b7af26106cbc65a040bcc84839a3566ec1b051bb0bfe953631e704b0ff7d",
                "sha256:a11a29cb3bf0a28a387fe5122cdb649816a957cd9261dcedf8c9f1fef33eacf6"
            ],
            "markers": "python_full_version >= '3.7.0'",
            "version": "==3.0.43"
        },
        "python-dateutil": {
            "hashes": [
                "sha256:0123cacc1627ae19ddf3c27a5de5bd67ee4586fbdd6440d9748f8abb483d3e86",
                "sha256:961d03dc3453ebbc59dbdea9e4e11c5651520a876d0f4db161e8674aae935da9"
            ],
            "markers": "python_version >= '2.7' and python_version not in '3.0, 3.1, 3.2'",
            "version": "==2.8.2"
        },
        "six": {
            "hashes": [
                "sha256:1e61c37477a1626458e36f7b1d82aa5c9b094fa4802892072e49de9c60c4c926",
                "sha256:8abb2f1d86890a2dfb989f9a77cfcfd3e47c2a354b01111771326f8aa26e0254"
            ],
            "markers": "python_version >= '2.7' and python_version not in '3.0, 3.1, 3.2'",
            "version": "==1.16.0"
        },
        "tzdata": {
            "hashes": [
                "sha256:aa3ace4329eeacda5b7beb7ea08ece826c28d761cda36e747cfbf97996d39bf3",
                "sha256:dd54c94f294765522c77399649b4fefd95522479a664a0cec87f41bebc6148c9"
            ],
            "markers": "python_version >= '2'",
            "version": "==2023.4"
        },
        "vine": {
            "hashes": [
                "sha256:40fdf3c48b2cfe1c38a49e9ae2da6fda88e4794c810050a728bd7413811fb1dc",
                "sha256:8b62e981d35c41049211cf62a0a1242d8c1ee9bd15bb196ce38aefd6799e61e0"
            ],
            "markers": "python_version >= '3.6'",
            "version": "==5.1.0"
        },
        "wcwidth": {
            "hashes": [
                "sha256:3da69048e4540d84af32131829ff948f1e022c1c6bdb8d6102117aac784f6859",
                "sha256:72ea0c06399eb286d978fdedb6923a9eb47e1c486ce63e9b4e64fc18303972b5"
            ],
            "version": "==0.2.13"
        }
    },
    "develop": {}
}
